// !$*UTF8*$!
{
	archiveVersion = 1;
	classes = {
	};
	objectVersion = 46;
	objects = {

/* Begin PBXBuildFile section */
		42EF3A4514C916180034E0B4 /* UIKit.framework in Frameworks */ = {isa = PBXBuildFile; fileRef = 42EF3A4414C916180034E0B4 /* UIKit.framework */; };
		42EF3A4714C916180034E0B4 /* Foundation.framework in Frameworks */ = {isa = PBXBuildFile; fileRef = 42EF3A4614C916180034E0B4 /* Foundation.framework */; };
		42EF3A4914C916180034E0B4 /* CoreGraphics.framework in Frameworks */ = {isa = PBXBuildFile; fileRef = 42EF3A4814C916180034E0B4 /* CoreGraphics.framework */; };
		42EF3A4F14C916180034E0B4 /* InfoPlist.strings in Resources */ = {isa = PBXBuildFile; fileRef = 42EF3A4D14C916180034E0B4 /* InfoPlist.strings */; };
		42EF3A5114C916180034E0B4 /* main.m in Sources */ = {isa = PBXBuildFile; fileRef = 42EF3A5014C916180034E0B4 /* main.m */; };
		42EF3A5514C916180034E0B4 /* RGMoviePlayerAppDelegate.m in Sources */ = {isa = PBXBuildFile; fileRef = 42EF3A5414C916180034E0B4 /* RGMoviePlayerAppDelegate.m */; };
/* End PBXBuildFile section */

/* Begin PBXFileReference section */
		42EF3A4014C916180034E0B4 /* RGMoviePlayer.app */ = {isa = PBXFileReference; explicitFileType = wrapper.application; includeInIndex = 0; path = RGMoviePlayer.app; sourceTree = BUILT_PRODUCTS_DIR; };
		42EF3A4414C916180034E0B4 /* UIKit.framework */ = {isa = PBXFileReference; lastKnownFileType = wrapper.framework; name = UIKit.framework; path = System/Library/Frameworks/UIKit.framework; sourceTree = SDKROOT; };
		42EF3A4614C916180034E0B4 /* Foundation.framework */ = {isa = PBXFileReference; lastKnownFileType = wrapper.framework; name = Foundation.framework; path = System/Library/Frameworks/Foundation.framework; sourceTree = SDKROOT; };
		42EF3A4814C916180034E0B4 /* CoreGraphics.framework */ = {isa = PBXFileReference; lastKnownFileType = wrapper.framework; name = CoreGraphics.framework; path = System/Library/Frameworks/CoreGraphics.framework; sourceTree = SDKROOT; };
		42EF3A4C14C916180034E0B4 /* RGMoviePlayer-Info.plist */ = {isa = PBXFileReference; path = "RGMoviePlayer-Info.plist"; sourceTree = "<group>"; };
		42EF3A4E14C916180034E0B4 /* en */ = {isa = PBXFileReference; lastKnownFileType = text.plist.strings; name = en; path = en.lproj/InfoPlist.strings; sourceTree = "<group>"; };
		42EF3A5014C916180034E0B4 /* main.m */ = {isa = PBXFileReference; lastKnownFileType = sourcecode.c.objc; path = main.m; sourceTree = "<group>"; };
		42EF3A5214C916180034E0B4 /* RGMoviePlayer-Prefix.pch */ = {isa = PBXFileReference; path = "RGMoviePlayer-Prefix.pch"; sourceTree = "<group>"; };
		42EF3A5314C916180034E0B4 /* RGMoviePlayerAppDelegate.h */ = {isa = PBXFileReference; path = RGMoviePlayerAppDelegate.h; sourceTree = "<group>"; };
		42EF3A5414C916180034E0B4 /* RGMoviePlayerAppDelegate.m */ = {isa = PBXFileReference; lastKnownFileType = sourcecode.c.objc; path = RGMoviePlayerAppDelegate.m; sourceTree = "<group>"; };
/* End PBXFileReference section */

/* Begin PBXFrameworksBuildPhase section */
		42EF3A3D14C916180034E0B4 /* Frameworks */ = {
			isa = PBXFrameworksBuildPhase;
			buildActionMask = 2147483647;
			files = (
				42EF3A4514C916180034E0B4 /* UIKit.framework in Frameworks */,
				42EF3A4714C916180034E0B4 /* Foundation.framework in Frameworks */,
				42EF3A4914C916180034E0B4 /* CoreGraphics.framework in Frameworks */,
			);
			runOnlyForDeploymentPostprocessing = 0;
		};
/* End PBXFrameworksBuildPhase section */

/* Begin PBXGroup section */
		42EF3A3514C916180034E0B4 = {
			isa = PBXGroup;
			children = (
				42EF3A4A14C916180034E0B4 /* RGMoviePlayer */,
				42EF3A4314C916180034E0B4 /* Frameworks */,
				42EF3A4114C916180034E0B4 /* Products */,
			);
			sourceTree = "<group>";
		};
		42EF3A4114C916180034E0B4 /* Products */ = {
			isa = PBXGroup;
			children = (
				42EF3A4014C916180034E0B4 /* RGMoviePlayer.app */,
			);
			name = Products;
			sourceTree = "<group>";
		};
		42EF3A4314C916180034E0B4 /* Frameworks */ = {
			isa = PBXGroup;
			children = (
				42EF3A4414C916180034E0B4 /* UIKit.framework */,
				42EF3A4614C916180034E0B4 /* Foundation.framework */,
				42EF3A4814C916180034E0B4 /* CoreGraphics.framework */,
			);
			name = Frameworks;
			sourceTree = "<group>";
		};
		42EF3A4A14C916180034E0B4 /* RGMoviePlayer */ = {
			isa = PBXGroup;
			children = (
				42EF3A5314C916180034E0B4 /* RGMoviePlayerAppDelegate.h */,
				42EF3A5414C916180034E0B4 /* RGMoviePlayerAppDelegate.m */,
				42EF3A4B14C916180034E0B4 /* Supporting Files */,
			);
			path = RGMoviePlayer;
			sourceTree = "<group>";
		};
		42EF3A4B14C916180034E0B4 /* Supporting Files */ = {
			isa = PBXGroup;
			children = (
				42EF3A4C14C916180034E0B4 /* RGMoviePlayer-Info.plist */,
				42EF3A4D14C916180034E0B4 /* InfoPlist.strings */,
				42EF3A5014C916180034E0B4 /* main.m */,
				42EF3A5214C916180034E0B4 /* RGMoviePlayer-Prefix.pch */,
			);
			name = "Supporting Files";
			sourceTree = "<group>";
		};
/* End PBXGroup section */

/* Begin PBXNativeTarget section */
		42EF3A3F14C916180034E0B4 /* RGMoviePlayer */ = {
			isa = PBXNativeTarget;
			buildConfigurationList = 42EF3A5814C916180034E0B4 /* Build configuration list for PBXNativeTarget "RGMoviePlayer" */;
			buildPhases = (
				42EF3A3C14C916180034E0B4 /* Sources */,
				42EF3A3D14C916180034E0B4 /* Frameworks */,
				42EF3A3E14C916180034E0B4 /* Resources */,
			);
			buildRules = (
			);
			dependencies = (
			);
			name = RGMoviePlayer;
			productName = RGMoviePlayer;
			productReference = 42EF3A4014C916180034E0B4 /* RGMoviePlayer.app */;
			productType = "com.apple.product-type.application";
		};
/* End PBXNativeTarget section */

/* Begin PBXProject section */
		42EF3A3714C916180034E0B4 /* Project object */ = {
			isa = PBXProject;
			attributes = {
				LastUpgradeCheck = 0420;
				ORGANIZATIONNAME = NUS;
			};
			buildConfigurationList = 42EF3A3A14C916180034E0B4 /* Build configuration list for PBXProject "RGMoviePlayer" */;
			compatibilityVersion = "Xcode 3.2";
			developmentRegion = English;
			hasScannedForEncodings = 0;
			knownRegions = (
				en,
			);
			mainGroup = 42EF3A3514C916180034E0B4;
			productRefGroup = 42EF3A4114C916180034E0B4 /* Products */;
			projectDirPath = "";
			projectRoot = "";
			targets = (
				42EF3A3F14C916180034E0B4 /* RGMoviePlayer */,
			);
		};
/* End PBXProject section */

/* Begin PBXResourcesBuildPhase section */
		42EF3A3E14C916180034E0B4 /* Resources */ = {
			isa = PBXResourcesBuildPhase;
			buildActionMask = 2147483647;
			files = (
				42EF3A4F14C916180034E0B4 /* InfoPlist.strings in Resources */,
			);
			runOnlyForDeploymentPostprocessing = 0;
		};
/* End PBXResourcesBuildPhase section */

/* Begin PBXSourcesBuildPhase section */
		42EF3A3C14C916180034E0B4 /* Sources */ = {
			isa = PBXSourcesBuildPhase;
			buildActionMask = 2147483647;
			files = (
				42EF3A5114C916180034E0B4 /* main.m in Sources */,
				42EF3A5514C916180034E0B4 /* RGMoviePlayerAppDelegate.m in Sources */,
			);
			runOnlyForDeploymentPostprocessing = 0;
		};
/* End PBXSourcesBuildPhase section */

/* Begin PBXVariantGroup section */
		42EF3A4D14C916180034E0B4 /* InfoPlist.strings */ = {
			isa = PBXVariantGroup;
			children = (
				42EF3A4E14C916180034E0B4 /* en */,
			);
			name = InfoPlist.strings;
			sourceTree = "<group>";
		};
/* End PBXVariantGroup section */

/* Begin XCBuildConfiguration section */
		42EF3A5614C916180034E0B4 /* Debug */ = {
			isa = XCBuildConfiguration;
			buildSettings = {
				ALWAYS_SEARCH_USER_PATHS = NO;
				ARCHS = "$(ARCHS_STANDARD_32_BIT)";
				"CODE_SIGN_IDENTITY[sdk=iphoneos*]" = "iPhone Developer";
				COPY_PHASE_STRIP = NO;
				GCC_C_LANGUAGE_STANDARD = gnu99;
				GCC_DYNAMIC_NO_PIC = NO;
				GCC_OPTIMIZATION_LEVEL = 0;
				GCC_PREPROCESSOR_DEFINITIONS = (
					"DEBUG=1",
					"$(inherited)",
				);
				GCC_SYMBOLS_PRIVATE_EXTERN = NO;
				GCC_VERSION = com.apple.compilers.llvm.clang.1_0;
				GCC_WARN_ABOUT_MISSING_PROTOTYPES = YES;
				GCC_WARN_ABOUT_RETURN_TYPE = YES;
				GCC_WARN_UNUSED_VARIABLE = YES;
				IPHONEOS_DEPLOYMENT_TARGET = 5.0;
				SDKROOT = iphoneos;
				TARGETED_DEVICE_FAMILY = "1,2";
			};
			name = Debug;
		};
		42EF3A5714C916180034E0B4 /* Release */ = {
			isa = XCBuildConfiguration;
			buildSettings = {
				ALWAYS_SEARCH_USER_PATHS = NO;
				ARCHS = "$(ARCHS_STANDARD_32_BIT)";
				"CODE_SIGN_IDENTITY[sdk=iphoneos*]" = "iPhone Developer";
				COPY_PHASE_STRIP = YES;
				GCC_C_LANGUAGE_STANDARD = gnu99;
				GCC_VERSION = com.apple.compilers.llvm.clang.1_0;
				GCC_WARN_ABOUT_MISSING_PROTOTYPES = YES;
				GCC_WARN_ABOUT_RETURN_TYPE = YES;
				GCC_WARN_UNUSED_VARIABLE = YES;
				IPHONEOS_DEPLOYMENT_TARGET = 5.0;
				OTHER_CFLAGS = "-DNS_BLOCK_ASSERTIONS=1";
				SDKROOT = iphoneos;
				TARGETED_DEVICE_FAMILY = "1,2";
				VALIDATE_PRODUCT = YES;
			};
			name = Release;
		};
		42EF3A5914C916180034E0B4 /* Debug */ = {
			isa = XCBuildConfiguration;
			buildSettings = {
				GCC_PRECOMPILE_PREFIX_HEADER = YES;
				GCC_PREFIX_HEADER = "RGMoviePlayer/RGMoviePlayer-Prefix.pch";
				INFOPLIST_FILE = "RGMoviePlayer/RGMoviePlayer-Info.plist";
				PRODUCT_NAME = "$(TARGET_NAME)";
				WRAPPER_EXTENSION = app;
			};
			name = Debug;
		};
		42EF3A5A14C916180034E0B4 /* Release */ = {
			isa = XCBuildConfiguration;
			buildSettings = {
				GCC_PRECOMPILE_PREFIX_HEADER = YES;
				GCC_PREFIX_HEADER = "RGMoviePlayer/RGMoviePlayer-Prefix.pch";
				INFOPLIST_FILE = "RGMoviePlayer/RGMoviePlayer-Info.plist";
				PRODUCT_NAME = "$(TARGET_NAME)";
				WRAPPER_EXTENSION = app;
			};
			name = Release;
		};
/* End XCBuildConfiguration section */

/* Begin XCConfigurationList section */
		42EF3A3A14C916180034E0B4 /* Build configuration list for PBXProject "RGMoviePlayer" */ = {
			isa = XCConfigurationList;
			buildConfigurations = (
				42EF3A5614C916180034E0B4 /* Debug */,
				42EF3A5714C916180034E0B4 /* Release */,
			);
			defaultConfigurationIsVisible = 0;
			defaultConfigurationName = Release;
		};
		42EF3A5814C916180034E0B4 /* Build configuration list for PBXNativeTarget "RGMoviePlayer" */ = {
			isa = XCConfigurationList;
			buildConfigurations = (
				42EF3A5914C916180034E0B4 /* Debug */,
				42EF3A5A14C916180034E0B4 /* Release */,
			);
			defaultConfigurationIsVisible = 0;
		};
/* End XCConfigurationList section */
	};
	rootObject = 42EF3A3714C916180034E0B4 /* Project object */;
}
